// !$*UTF8*$!
{
	archiveVersion = 1;
	classes = {
	};
	objectVersion = 46;
	objects = {

/* Begin PBXBuildFile section */
		57B1CE4E1CCB65F800CA2F39 /* main.m in Sources */ = {isa = PBXBuildFile; fileRef = 57B1CE4D1CCB65F800CA2F39 /* main.m */; };
		57B1CE511CCB65F800CA2F39 /* AppDelegate.m in Sources */ = {isa = PBXBuildFile; fileRef = 57B1CE501CCB65F800CA2F39 /* AppDelegate.m */; };
		57B1CE541CCB65F800CA2F39 /* ViewController.m in Sources */ = {isa = PBXBuildFile; fileRef = 57B1CE531CCB65F800CA2F39 /* ViewController.m */; };
		57B1CE571CCB65F800CA2F39 /* Main.storyboard in Resources */ = {isa = PBXBuildFile; fileRef = 57B1CE551CCB65F800CA2F39 /* Main.storyboard */; };
		57B1CE591CCB65F800CA2F39 /* Assets.xcassets in Resources */ = {isa = PBXBuildFile; fileRef = 57B1CE581CCB65F800CA2F39 /* Assets.xcassets */; };
		57B1CE5C1CCB65F800CA2F39 /* LaunchScreen.storyboard in Resources */ = {isa = PBXBuildFile; fileRef = 57B1CE5A1CCB65F800CA2F39 /* LaunchScreen.storyboard */; };
		57B1CE651CCB661900CA2F39 /* NetEasySlider.m in Sources */ = {isa = PBXBuildFile; fileRef = 57B1CE641CCB661900CA2F39 /* NetEasySlider.m */; };
		57B1CE6F1CCB666300CA2F39 /* cm2_efc_knob_needle_prs.png in Resources */ = {isa = PBXBuildFile; fileRef = 57B1CE661CCB666300CA2F39 /* cm2_efc_knob_needle_prs.png */; };
		57B1CE701CCB666300CA2F39 /* cm2_efc_knob_needle_prs@2x.png in Resources */ = {isa = PBXBuildFile; fileRef = 57B1CE671CCB666300CA2F39 /* cm2_efc_knob_needle_prs@2x.png */; };
		57B1CE711CCB666300CA2F39 /* cm2_efc_knob_needle_prs@3x.png in Resources */ = {isa = PBXBuildFile; fileRef = 57B1CE681CCB666300CA2F39 /* cm2_efc_knob_needle_prs@3x.png */; };
		57B1CE721CCB666300CA2F39 /* cm2_efc_knob_scale.png in Resources */ = {isa = PBXBuildFile; fileRef = 57B1CE691CCB666300CA2F39 /* cm2_efc_knob_scale.png */; };
		57B1CE731CCB666300CA2F39 /* cm2_efc_knob_scale@2x.png in Resources */ = {isa = PBXBuildFile; fileRef = 57B1CE6A1CCB666300CA2F39 /* cm2_efc_knob_scale@2x.png */; };
		57B1CE741CCB666300CA2F39 /* cm2_efc_knob_scale@3x.png in Resources */ = {isa = PBXBuildFile; fileRef = 57B1CE6B1CCB666300CA2F39 /* cm2_efc_knob_scale@3x.png */; };
		57B1CE751CCB666300CA2F39 /* cm2_efc_knob_trough_prs.png in Resources */ = {isa = PBXBuildFile; fileRef = 57B1CE6C1CCB666300CA2F39 /* cm2_efc_knob_trough_prs.png */; };
		57B1CE761CCB666300CA2F39 /* cm2_efc_knob_trough_prs@2x.png in Resources */ = {isa = PBXBuildFile; fileRef = 57B1CE6D1CCB666300CA2F39 /* cm2_efc_knob_trough_prs@2x.png */; };
		57B1CE771CCB666300CA2F39 /* cm2_efc_knob_trough_prs@3x.png in Resources */ = {isa = PBXBuildFile; fileRef = 57B1CE6E1CCB666300CA2F39 /* cm2_efc_knob_trough_prs@3x.png */; };
/* End PBXBuildFile section */

/* Begin PBXFileReference section */
		57B1CE491CCB65F800CA2F39 /* NetEastControl.app */ = {isa = PBXFileReference; explicitFileType = wrapper.application; includeInIndex = 0; path = NetEastControl.app; sourceTree = BUILT_PRODUCTS_DIR; };
		57B1CE4D1CCB65F800CA2F39 /* main.m */ = {isa = PBXFileReference; lastKnownFileType = sourcecode.c.objc; path = main.m; sourceTree = "<group>"; };
		57B1CE4F1CCB65F800CA2F39 /* AppDelegate.h */ = {isa = PBXFileReference; lastKnownFileType = sourcecode.c.h; path = AppDelegate.h; sourceTree = "<group>"; };
		57B1CE501CCB65F800CA2F39 /* AppDelegate.m */ = {isa = PBXFileReference; lastKnownFileType = sourcecode.c.objc; path = AppDelegate.m; sourceTree = "<group>"; };
		57B1CE521CCB65F800CA2F39 /* ViewController.h */ = {isa = PBXFileReference; lastKnownFileType = sourcecode.c.h; path = ViewController.h; sourceTree = "<group>"; };
		57B1CE531CCB65F800CA2F39 /* ViewController.m */ = {isa = PBXFileReference; lastKnownFileType = sourcecode.c.objc; path = ViewController.m; sourceTree = "<group>"; };
		57B1CE561CCB65F800CA2F39 /* Base */ = {isa = PBXFileReference; lastKnownFileType = file.storyboard; name = Base; path = Base.lproj/Main.storyboard; sourceTree = "<group>"; };
		57B1CE581CCB65F800CA2F39 /* Assets.xcassets */ = {isa = PBXFileReference; lastKnownFileType = folder.assetcatalog; path = Assets.xcassets; sourceTree = "<group>"; };
		57B1CE5B1CCB65F800CA2F39 /* Base */ = {isa = PBXFileReference; lastKnownFileType = file.storyboard; name = Base; path = Base.lproj/LaunchScreen.storyboard; sourceTree = "<group>"; };
		57B1CE5D1CCB65F800CA2F39 /* Info.plist */ = {isa = PBXFileReference; lastKnownFileType = text.plist.xml; path = Info.plist; sourceTree = "<group>"; };
		57B1CE631CCB661900CA2F39 /* NetEasySlider.h */ = {isa = PBXFileReference; fileEncoding = 4; lastKnownFileType = sourcecode.c.h; path = NetEasySlider.h; sourceTree = "<group>"; };
		57B1CE641CCB661900CA2F39 /* NetEasySlider.m */ = {isa = PBXFileReference; fileEncoding = 4; lastKnownFileType = sourcecode.c.objc; path = NetEasySlider.m; sourceTree = "<group>"; };
		57B1CE661CCB666300CA2F39 /* cm2_efc_knob_needle_prs.png */ = {isa = PBXFileReference; lastKnownFileType = image.png; path = cm2_efc_knob_needle_prs.png; sourceTree = "<group>"; };
		57B1CE671CCB666300CA2F39 /* cm2_efc_knob_needle_prs@2x.png */ = {isa = PBXFileReference; lastKnownFileType = image.png; path = "cm2_efc_knob_needle_prs@2x.png"; sourceTree = "<group>"; };
		57B1CE681CCB666300CA2F39 /* cm2_efc_knob_needle_prs@3x.png */ = {isa = PBXFileReference; lastKnownFileType = image.png; path = "cm2_efc_knob_needle_prs@3x.png"; sourceTree = "<group>"; };
		57B1CE691CCB666300CA2F39 /* cm2_efc_knob_scale.png */ = {isa = PBXFileReference; lastKnownFileType = image.png; path = cm2_efc_knob_scale.png; sourceTree = "<group>"; };
		57B1CE6A1CCB666300CA2F39 /* cm2_efc_knob_scale@2x.png */ = {isa = PBXFileReference; lastKnownFileType = image.png; path = "cm2_efc_knob_scale@2x.png"; sourceTree = "<group>"; };
		57B1CE6B1CCB666300CA2F39 /* cm2_efc_knob_scale@3x.png */ = {isa = PBXFileReference; lastKnownFileType = image.png; path = "cm2_efc_knob_scale@3x.png"; sourceTree = "<group>"; };
		57B1CE6C1CCB666300CA2F39 /* cm2_efc_knob_trough_prs.png */ = {isa = PBXFileReference; lastKnownFileType = image.png; path = cm2_efc_knob_trough_prs.png; sourceTree = "<group>"; };
		57B1CE6D1CCB666300CA2F39 /* cm2_efc_knob_trough_prs@2x.png */ = {isa = PBXFileReference; lastKnownFileType = image.png; path = "cm2_efc_knob_trough_prs@2x.png"; sourceTree = "<group>"; };
		57B1CE6E1CCB666300CA2F39 /* cm2_efc_knob_trough_prs@3x.png */ = {isa = PBXFileReference; lastKnownFileType = image.png; path = "cm2_efc_knob_trough_prs@3x.png"; sourceTree = "<group>"; };
/* End PBXFileReference section */

/* Begin PBXFrameworksBuildPhase section */
		57B1CE461CCB65F800CA2F39 /* Frameworks */ = {
			isa = PBXFrameworksBuildPhase;
			buildActionMask = 2147483647;
			files = (
			);
			runOnlyForDeploymentPostprocessing = 0;
		};
/* End PBXFrameworksBuildPhase section */

/* Begin PBXGroup section */
		57B1CE401CCB65F800CA2F39 = {
			isa = PBXGroup;
			children = (
				57B1CE4B1CCB65F800CA2F39 /* NetEastControl */,
				57B1CE4A1CCB65F800CA2F39 /* Products */,
			);
			sourceTree = "<group>";
		};
		57B1CE4A1CCB65F800CA2F39 /* Products */ = {
			isa = PBXGroup;
			children = (
				57B1CE491CCB65F800CA2F39 /* NetEastControl.app */,
			);
			name = Products;
			sourceTree = "<group>";
		};
		57B1CE4B1CCB65F800CA2F39 /* NetEastControl */ = {
			isa = PBXGroup;
			children = (
				57B1CE4F1CCB65F800CA2F39 /* AppDelegate.h */,
				57B1CE501CCB65F800CA2F39 /* AppDelegate.m */,
				57B1CE521CCB65F800CA2F39 /* ViewController.h */,
				57B1CE531CCB65F800CA2F39 /* ViewController.m */,
				57B1CE631CCB661900CA2F39 /* NetEasySlider.h */,
				57B1CE641CCB661900CA2F39 /* NetEasySlider.m */,
				57B1CE661CCB666300CA2F39 /* cm2_efc_knob_needle_prs.png */,
				57B1CE671CCB666300CA2F39 /* cm2_efc_knob_needle_prs@2x.png */,
				57B1CE681CCB666300CA2F39 /* cm2_efc_knob_needle_prs@3x.png */,
				57B1CE691CCB666300CA2F39 /* cm2_efc_knob_scale.png */,
				57B1CE6A1CCB666300CA2F39 /* cm2_efc_knob_scale@2x.png */,
				57B1CE6B1CCB666300CA2F39 /* cm2_efc_knob_scale@3x.png */,
				57B1CE6C1CCB666300CA2F39 /* cm2_efc_knob_trough_prs.png */,
				57B1CE6D1CCB666300CA2F39 /* cm2_efc_knob_trough_prs@2x.png */,
				57B1CE6E1CCB666300CA2F39 /* cm2_efc_knob_trough_prs@3x.png */,
				57B1CE551CCB65F800CA2F39 /* Main.storyboard */,
				57B1CE581CCB65F800CA2F39 /* Assets.xcassets */,
				57B1CE5A1CCB65F800CA2F39 /* LaunchScreen.storyboard */,
				57B1CE5D1CCB65F800CA2F39 /* Info.plist */,
				57B1CE4C1CCB65F800CA2F39 /* Supporting Files */,
			);
			path = NetEastControl;
			sourceTree = "<group>";
		};
		57B1CE4C1CCB65F800CA2F39 /* Supporting Files */ = {
			isa = PBXGroup;
			children = (
				57B1CE4D1CCB65F800CA2F39 /* main.m */,
			);
			name = "Supporting Files";
			sourceTree = "<group>";
		};
/* End PBXGroup section */

/* Begin PBXNativeTarget section */
		57B1CE481CCB65F800CA2F39 /* NetEastControl */ = {
			isa = PBXNativeTarget;
			buildConfigurationList = 57B1CE601CCB65F800CA2F39 /* Build configuration list for PBXNativeTarget "NetEastControl" */;
			buildPhases = (
				57B1CE451CCB65F800CA2F39 /* Sources */,
				57B1CE461CCB65F800CA2F39 /* Frameworks */,
				57B1CE471CCB65F800CA2F39 /* Resources */,
			);
			buildRules = (
			);
			dependencies = (
			);
			name = NetEastControl;
			productName = NetEastControl;
			productReference = 57B1CE491CCB65F800CA2F39 /* NetEastControl.app */;
			productType = "com.apple.product-type.application";
		};
/* End PBXNativeTarget section */

/* Begin PBXProject section */
		57B1CE411CCB65F800CA2F39 /* Project object */ = {
			isa = PBXProject;
			attributes = {
				LastUpgradeCheck = 0730;
				ORGANIZATIONNAME = Bourbon;
				TargetAttributes = {
					57B1CE481CCB65F800CA2F39 = {
						CreatedOnToolsVersion = 7.3;
					};
				};
			};
			buildConfigurationList = 57B1CE441CCB65F800CA2F39 /* Build configuration list for PBXProject "NetEastControl" */;
			compatibilityVersion = "Xcode 3.2";
			developmentRegion = English;
			hasScannedForEncodings = 0;
			knownRegions = (
				en,
				Base,
			);
			mainGroup = 57B1CE401CCB65F800CA2F39;
			productRefGroup = 57B1CE4A1CCB65F800CA2F39 /* Products */;
			projectDirPath = "";
			projectRoot = "";
			targets = (
				57B1CE481CCB65F800CA2F39 /* NetEastControl */,
			);
		};
/* End PBXProject section */

/* Begin PBXResourcesBuildPhase section */
		57B1CE471CCB65F800CA2F39 /* Resources */ = {
			isa = PBXResourcesBuildPhase;
			buildActionMask = 2147483647;
			files = (
				57B1CE711CCB666300CA2F39 /* cm2_efc_knob_needle_prs@3x.png in Resources */,
				57B1CE5C1CCB65F800CA2F39 /* LaunchScreen.storyboard in Resources */,
				57B1CE721CCB666300CA2F39 /* cm2_efc_knob_scale.png in Resources */,
				57B1CE741CCB666300CA2F39 /* cm2_efc_knob_scale@3x.png in Resources */,
				57B1CE771CCB666300CA2F39 /* cm2_efc_knob_trough_prs@3x.png in Resources */,
				57B1CE761CCB666300CA2F39 /* cm2_efc_knob_trough_prs@2x.png in Resources */,
				57B1CE591CCB65F800CA2F39 /* Assets.xcassets in Resources */,
				57B1CE6F1CCB666300CA2F39 /* cm2_efc_knob_needle_prs.png in Resources */,
				57B1CE751CCB666300CA2F39 /* cm2_efc_knob_trough_prs.png in Resources */,
				57B1CE731CCB666300CA2F39 /* cm2_efc_knob_scale@2x.png in Resources */,
				57B1CE701CCB666300CA2F39 /* cm2_efc_knob_needle_prs@2x.png in Resources */,
				57B1CE571CCB65F800CA2F39 /* Main.storyboard in Resources */,
			);
			runOnlyForDeploymentPostprocessing = 0;
		};
/* End PBXResourcesBuildPhase section */

/* Begin PBXSourcesBuildPhase section */
		57B1CE451CCB65F800CA2F39 /* Sources */ = {
			isa = PBXSourcesBuildPhase;
			buildActionMask = 2147483647;
			files = (
				57B1CE541CCB65F800CA2F39 /* ViewController.m in Sources */,
				57B1CE511CCB65F800CA2F39 /* AppDelegate.m in Sources */,
				57B1CE651CCB661900CA2F39 /* NetEasySlider.m in Sources */,
				57B1CE4E1CCB65F800CA2F39 /* main.m in Sources */,
			);
			runOnlyForDeploymentPostprocessing = 0;
		};
/* End PBXSourcesBuildPhase section */

/* Begin PBXVariantGroup section */
		57B1CE551CCB65F800CA2F39 /* Main.storyboard */ = {
			isa = PBXVariantGroup;
			children = (
				57B1CE561CCB65F800CA2F39 /* Base */,
			);
			name = Main.storyboard;
			sourceTree = "<group>";
		};
		57B1CE5A1CCB65F800CA2F39 /* LaunchScreen.storyboard */ = {
			isa = PBXVariantGroup;
			children = (
				57B1CE5B1CCB65F800CA2F39 /* Base */,
			);
			name = LaunchScreen.storyboard;
			sourceTree = "<group>";
		};
/* End PBXVariantGroup section */

/* Begin XCBuildConfiguration section */
		57B1CE5E1CCB65F800CA2F39 /* Debug */ = {
			isa = XCBuildConfiguration;
			buildSettings = {
				ALWAYS_SEARCH_USER_PATHS = NO;
				CLANG_ANALYZER_NONNULL = YES;
				CLANG_CXX_LANGUAGE_STANDARD = "gnu++0x";
				CLANG_CXX_LIBRARY = "libc++";
				CLANG_ENABLE_MODULES = YES;
				CLANG_ENABLE_OBJC_ARC = YES;
				CLANG_WARN_BOOL_CONVERSION = YES;
				CLANG_WARN_CONSTANT_CONVERSION = YES;
				CLANG_WARN_DIRECT_OBJC_ISA_USAGE = YES_ERROR;
				CLANG_WARN_EMPTY_BODY = YES;
				CLANG_WARN_ENUM_CONVERSION = YES;
				CLANG_WARN_INT_CONVERSION = YES;
				CLANG_WARN_OBJC_ROOT_CLASS = YES_ERROR;
				CLANG_WARN_UNREACHABLE_CODE = YES;
				CLANG_WARN__DUPLICATE_METHOD_MATCH = YES;
				"CODE_SIGN_IDENTITY[sdk=iphoneos*]" = "iPhone Developer";
				COPY_PHASE_STRIP = NO;
				DEBUG_INFORMATION_FORMAT = dwarf;
				ENABLE_STRICT_OBJC_MSGSEND = YES;
				ENABLE_TESTABILITY = YES;
				GCC_C_LANGUAGE_STANDARD = gnu99;
				GCC_DYNAMIC_NO_PIC = NO;
				GCC_NO_COMMON_BLOCKS = YES;
				GCC_OPTIMIZATION_LEVEL = 0;
				GCC_PREPROCESSOR_DEFINITIONS = (
					"DEBUG=1",
					"$(inherited)",
				);
				GCC_WARN_64_TO_32_BIT_CONVERSION = YES;
				GCC_WARN_ABOUT_RETURN_TYPE = YES_ERROR;
				GCC_WARN_UNDECLARED_SELECTOR = YES;
				GCC_WARN_UNINITIALIZED_AUTOS = YES_AGGRESSIVE;
				GCC_WARN_UNUSED_FUNCTION = YES;
				GCC_WARN_UNUSED_VARIABLE = YES;
				IPHONEOS_DEPLOYMENT_TARGET = 9.3;
				MTL_ENABLE_DEBUG_INFO = YES;
				ONLY_ACTIVE_ARCH = YES;
				SDKROOT = iphoneos;
				TARGETED_DEVICE_FAMILY = "1,2";
			};
			name = Debug;
		};
		57B1CE5F1CCB65F800CA2F39 /* Release */ = {
			isa = XCBuildConfiguration;
			buildSettings = {
				ALWAYS_SEARCH_USER_PATHS = NO;
				CLANG_ANALYZER_NONNULL = YES;
				CLANG_CXX_LANGUAGE_STANDARD = "gnu++0x";
				CLANG_CXX_LIBRARY = "libc++";
				CLANG_ENABLE_MODULES = YES;
				CLANG_ENABLE_OBJC_ARC = YES;
				CLANG_WARN_BOOL_CONVERSION = YES;
				CLANG_WARN_CONSTANT_CONVERSION = YES;
				CLANG_WARN_DIRECT_OBJC_ISA_USAGE = YES_ERROR;
				CLANG_WARN_EMPTY_BODY = YES;
				CLANG_WARN_ENUM_CONVERSION = YES;
				CLANG_WARN_INT_CONVERSION = YES;
				CLANG_WARN_OBJC_ROOT_CLASS = YES_ERROR;
				CLANG_WARN_UNREACHABLE_CODE = YES;
				CLANG_WARN__DUPLICATE_METHOD_MATCH = YES;
				"CODE_SIGN_IDENTITY[sdk=iphoneos*]" = "iPhone Developer";
				COPY_PHASE_STRIP = NO;
				DEBUG_INFORMATION_FORMAT = "dwarf-with-dsym";
				ENABLE_NS_ASSERTIONS = NO;
				ENABLE_STRICT_OBJC_MSGSEND = YES;
				GCC_C_LANGUAGE_STANDARD = gnu99;
				GCC_NO_COMMON_BLOCKS = YES;
				GCC_WARN_64_TO_32_BIT_CONVERSION = YES;
				GCC_WARN_ABOUT_RETURN_TYPE = YES_ERROR;
				GCC_WARN_UNDECLARED_SELECTOR = YES;
				GCC_WARN_UNINITIALIZED_AUTOS = YES_AGGRESSIVE;
				GCC_WARN_UNUSED_FUNCTION = YES;
				GCC_WARN_UNUSED_VARIABLE = YES;
				IPHONEOS_DEPLOYMENT_TARGET = 9.3;
				MTL_ENABLE_DEBUG_INFO = NO;
				SDKROOT = iphoneos;
				TARGETED_DEVICE_FAMILY = "1,2";
				VALIDATE_PRODUCT = YES;
			};
			name = Release;
		};
		57B1CE611CCB65F800CA2F39 /* Debug */ = {
			isa = XCBuildConfiguration;
			buildSettings = {
				ASSETCATALOG_COMPILER_APPICON_NAME = AppIcon;
				INFOPLIST_FILE = NetEastControl/Info.plist;
				LD_RUNPATH_SEARCH_PATHS = "$(inherited) @executable_path/Frameworks";
				PRODUCT_BUNDLE_IDENTIFIER = com.bourbonz.NetEastControl;
				PRODUCT_NAME = "$(TARGET_NAME)";
			};
			name = Debug;
		};
		57B1CE621CCB65F800CA2F39 /* Release */ = {
			isa = XCBuildConfiguration;
			buildSettings = {
				ASSETCATALOG_COMPILER_APPICON_NAME = AppIcon;
				INFOPLIST_FILE = NetEastControl/Info.plist;
				LD_RUNPATH_SEARCH_PATHS = "$(inherited) @executable_path/Frameworks";
				PRODUCT_BUNDLE_IDENTIFIER = com.bourbonz.NetEastControl;
				PRODUCT_NAME = "$(TARGET_NAME)";
			};
			name = Release;
		};
/* End XCBuildConfiguration section */

/* Begin XCConfigurationList section */
		57B1CE441CCB65F800CA2F39 /* Build configuration list for PBXProject "NetEastControl" */ = {
			isa = XCConfigurationList;
			buildConfigurations = (
				57B1CE5E1CCB65F800CA2F39 /* Debug */,
				57B1CE5F1CCB65F800CA2F39 /* Release */,
			);
			defaultConfigurationIsVisible = 0;
			defaultConfigurationName = Release;
		};
		57B1CE601CCB65F800CA2F39 /* Build configuration list for PBXNativeTarget "NetEastControl" */ = {
			isa = XCConfigurationList;
			buildConfigurations = (
				57B1CE611CCB65F800CA2F39 /* Debug */,
				57B1CE621CCB65F800CA2F39 /* Release */,
			);
			defaultConfigurationIsVisible = 0;
		};
/* End XCConfigurationList section */
	};
	rootObject = 57B1CE411CCB65F800CA2F39 /* Project object */;
}
